
Microsoft Visual Studio Solution File, Format Version 12.00
# Visual Studio Version 16
VisualStudioVersion = 16.0.31624.102
MinimumVisualStudioVersion = 10.0.40219.1
Project("{FAE04EC0-301F-11D3-BF4B-00C04F79EFBC}") = "ae-service-ship", "ae-service-ship\ae-service-ship.csproj", "{E460F1DA-2FB0-4D87-8947-5627DCDA3E91}"
EndProject
Global
	GlobalSection(SolutionConfigurationPlatforms) = preSolution
		Debug|Any CPU = Debug|Any CPU
		Release|Any CPU = Release|Any CPU
	EndGlobalSection
	GlobalSection(ProjectConfigurationPlatforms) = postSolution
		{E460F1DA-2FB0-4D87-8947-5627DCDA3E91}.Debug|Any CPU.ActiveCfg = Debug|Any CPU
		{E460F1DA-2FB0-4D87-8947-5627DCDA3E91}.Debug|Any CPU.Build.0 = Debug|Any CPU
		{E460F1DA-2FB0-4D87-8947-5627DCDA3E91}.Release|Any CPU.ActiveCfg = Release|Any CPU
		{E460F1DA-2FB0-4D87-8947-5627DCDA3E91}.Release|Any CPU.Build.0 = Release|Any CPU
	EndGlobalSection
	GlobalSection(SolutionProperties) = preSolution
		HideSolutionNode = FALSE
	EndGlobalSection
	GlobalSection(ExtensibilityGlobals) = postSolution
		SolutionGuid = {B3227652-1F76-4D46-9762-4B13FE881896}
	EndGlobalSection
EndGlobal
